
Microsoft Visual Studio Solution File, Format Version 12.00
# Visual Studio Version 16
VisualStudioVersion = 16.0.30011.22
MinimumVisualStudioVersion = 10.0.40219.1
Project("{9A19103F-16F7-4668-BE54-9A1E7A4F7556}") = "BookStoresWebAPI", "BookStoresWebAPI.csproj", "{CEE792E1-CD88-4CB7-BA6A-2EA52B9D0D89}"
EndProject
Global
	GlobalSection(SolutionConfigurationPlatforms) = preSolution
		Debug|Any CPU = Debug|Any CPU
		Release|Any CPU = Release|Any CPU
	EndGlobalSection
	GlobalSection(ProjectConfigurationPlatforms) = postSolution
		{CEE792E1-CD88-4CB7-BA6A-2EA52B9D0D89}.Debug|Any CPU.ActiveCfg = Debug|Any CPU
		{CEE792E1-CD88-4CB7-BA6A-2EA52B9D0D89}.Debug|Any CPU.Build.0 = Debug|Any CPU
		{CEE792E1-CD88-4CB7-BA6A-2EA52B9D0D89}.Release|Any CPU.ActiveCfg = Release|Any CPU
		{CEE792E1-CD88-4CB7-BA6A-2EA52B9D0D89}.Release|Any CPU.Build.0 = Release|Any CPU
	EndGlobalSection
	GlobalSection(SolutionProperties) = preSolution
		HideSolutionNode = FALSE
	EndGlobalSection
	GlobalSection(ExtensibilityGlobals) = postSolution
		SolutionGuid = {19D7D497-0816-49B2-B3EA-7F771FDE86FF}
	EndGlobalSection
EndGlobal
